
Microsoft Visual Studio Solution File, Format Version 12.00
# Visual Studio Version 17
VisualStudioVersion = 17.0.31912.275
MinimumVisualStudioVersion = 10.0.40219.1
Project("{FAE04EC0-301F-11D3-BF4B-00C04F79EFBC}") = "ArventureApi", "ArventureApi\ArventureApi.csproj", "{76EE4AF0-1A73-4E19-AE62-FFFC0124CC2E}"
EndProject
Global
	GlobalSection(SolutionConfigurationPlatforms) = preSolution
		Debug|Any CPU = Debug|Any CPU
		Release|Any CPU = Release|Any CPU
	EndGlobalSection
	GlobalSection(ProjectConfigurationPlatforms) = postSolution
		{76EE4AF0-1A73-4E19-AE62-FFFC0124CC2E}.Debug|Any CPU.ActiveCfg = Debug|Any CPU
		{76EE4AF0-1A73-4E19-AE62-FFFC0124CC2E}.Debug|Any CPU.Build.0 = Debug|Any CPU
		{76EE4AF0-1A73-4E19-AE62-FFFC0124CC2E}.Release|Any CPU.ActiveCfg = Release|Any CPU
		{76EE4AF0-1A73-4E19-AE62-FFFC0124CC2E}.Release|Any CPU.Build.0 = Release|Any CPU
	EndGlobalSection
	GlobalSection(SolutionProperties) = preSolution
		HideSolutionNode = FALSE
	EndGlobalSection
	GlobalSection(ExtensibilityGlobals) = postSolution
		SolutionGuid = {DADE24EB-1434-4FCE-9890-03B280F596C6}
	EndGlobalSection
EndGlobal
