
Microsoft Visual Studio Solution File, Format Version 12.00
# Visual Studio Version 16
VisualStudioVersion = 25.0.1700.0
MinimumVisualStudioVersion = 10.0.40219.1
Project("{FAE04EC0-301F-11D3-BF4B-00C04F79EFBC}") = "ArventureApi", "ArventureApi.csproj", "{95F6200B-1833-4845-97F6-BE35CB1AE4BD}"
EndProject
Global
	GlobalSection(SolutionConfigurationPlatforms) = preSolution
		Debug|Any CPU = Debug|Any CPU
		Release|Any CPU = Release|Any CPU
	EndGlobalSection
	GlobalSection(ProjectConfigurationPlatforms) = postSolution
		{95F6200B-1833-4845-97F6-BE35CB1AE4BD}.Debug|Any CPU.ActiveCfg = Debug|Any CPU
		{95F6200B-1833-4845-97F6-BE35CB1AE4BD}.Debug|Any CPU.Build.0 = Debug|Any CPU
		{95F6200B-1833-4845-97F6-BE35CB1AE4BD}.Release|Any CPU.ActiveCfg = Release|Any CPU
		{95F6200B-1833-4845-97F6-BE35CB1AE4BD}.Release|Any CPU.Build.0 = Release|Any CPU
	EndGlobalSection
	GlobalSection(SolutionProperties) = preSolution
		HideSolutionNode = FALSE
	EndGlobalSection
	GlobalSection(ExtensibilityGlobals) = postSolution
		SolutionGuid = {D47AC637-8490-4026-84CB-E1EC78486D10}
	EndGlobalSection
EndGlobal
